
Microsoft Visual Studio Solution File, Format Version 12.00
# Visual Studio Version 16
VisualStudioVersion = 16.0.30907.101
MinimumVisualStudioVersion = 10.0.40219.1
Project("{FAE04EC0-301F-11D3-BF4B-00C04F79EFBC}") = "jaggedArray", "jaggedArray\jaggedArray.csproj", "{A6A6BD59-DC92-4DAC-B241-019261D58E2D}"
EndProject
Global
	GlobalSection(SolutionConfigurationPlatforms) = preSolution
		Debug|Any CPU = Debug|Any CPU
		Release|Any CPU = Release|Any CPU
	EndGlobalSection
	GlobalSection(ProjectConfigurationPlatforms) = postSolution
		{A6A6BD59-DC92-4DAC-B241-019261D58E2D}.Debug|Any CPU.ActiveCfg = Debug|Any CPU
		{A6A6BD59-DC92-4DAC-B241-019261D58E2D}.Debug|Any CPU.Build.0 = Debug|Any CPU
		{A6A6BD59-DC92-4DAC-B241-019261D58E2D}.Release|Any CPU.ActiveCfg = Release|Any CPU
		{A6A6BD59-DC92-4DAC-B241-019261D58E2D}.Release|Any CPU.Build.0 = Release|Any CPU
	EndGlobalSection
	GlobalSection(SolutionProperties) = preSolution
		HideSolutionNode = FALSE
	EndGlobalSection
	GlobalSection(ExtensibilityGlobals) = postSolution
		SolutionGuid = {838C19EE-330B-47F9-81BB-9720ACE80DD6}
	EndGlobalSection
EndGlobal
